
Microsoft Visual Studio Solution File, Format Version 12.00
# Visual Studio Version 16
VisualStudioVersion = 16.0.32228.343
MinimumVisualStudioVersion = 10.0.40219.1
Project("{159641D6-6404-4A2A-AE62-294DE0FE8301}") = "Nhom4_Purchaing_Otto", "Nhom4_Purchaing_Otto\Nhom4_Purchaing_Otto.dtproj", "{D1B6B85B-AA9B-42E8-8456-0C682B8CD628}"
EndProject
Global
	GlobalSection(SolutionConfigurationPlatforms) = preSolution
		Development|Default = Development|Default
	EndGlobalSection
	GlobalSection(ProjectConfigurationPlatforms) = postSolution
		{D1B6B85B-AA9B-42E8-8456-0C682B8CD628}.Development|Default.ActiveCfg = Development
		{D1B6B85B-AA9B-42E8-8456-0C682B8CD628}.Development|Default.Build.0 = Development
	EndGlobalSection
	GlobalSection(SolutionProperties) = preSolution
		HideSolutionNode = FALSE
	EndGlobalSection
	GlobalSection(ExtensibilityGlobals) = postSolution
		SolutionGuid = {6B8F7044-2D38-4A65-BE89-CFF43B4938FB}
	EndGlobalSection
EndGlobal
